
Microsoft Visual Studio Solution File, Format Version 12.00
# Visual Studio Version 17
VisualStudioVersion = 17.1.32414.318
MinimumVisualStudioVersion = 10.0.40219.1
Project("{FAE04EC0-301F-11D3-BF4B-00C04F79EFBC}") = "OnionArchitectureAPI", "OnionArchitectureAPI\OnionArchitectureAPI.csproj", "{F1E68904-4868-4852-A57B-50D68C005A73}"
EndProject
Project("{FAE04EC0-301F-11D3-BF4B-00C04F79EFBC}") = "DomainLayer", "DomainLayer\DomainLayer.csproj", "{354BB8AF-A02A-4516-9E31-CEB0AA3F13C5}"
EndProject
Project("{FAE04EC0-301F-11D3-BF4B-00C04F79EFBC}") = "RepositoryLayer", "RepositoryLayer\RepositoryLayer.csproj", "{C888B0CD-F767-42B7-BAAA-97A0C659CC95}"
EndProject
Project("{FAE04EC0-301F-11D3-BF4B-00C04F79EFBC}") = "ServiceLayer", "ServiceLayer\ServiceLayer.csproj", "{97DBF61D-E017-4FA9-AC18-8E890D742A12}"
EndProject
Global
	GlobalSection(SolutionConfigurationPlatforms) = preSolution
		Debug|Any CPU = Debug|Any CPU
		Release|Any CPU = Release|Any CPU
	EndGlobalSection
	GlobalSection(ProjectConfigurationPlatforms) = postSolution
		{F1E68904-4868-4852-A57B-50D68C005A73}.Debug|Any CPU.ActiveCfg = Debug|Any CPU
		{F1E68904-4868-4852-A57B-50D68C005A73}.Debug|Any CPU.Build.0 = Debug|Any CPU
		{F1E68904-4868-4852-A57B-50D68C005A73}.Release|Any CPU.ActiveCfg = Release|Any CPU
		{F1E68904-4868-4852-A57B-50D68C005A73}.Release|Any CPU.Build.0 = Release|Any CPU
		{354BB8AF-A02A-4516-9E31-CEB0AA3F13C5}.Debug|Any CPU.ActiveCfg = Debug|Any CPU
		{354BB8AF-A02A-4516-9E31-CEB0AA3F13C5}.Debug|Any CPU.Build.0 = Debug|Any CPU
		{354BB8AF-A02A-4516-9E31-CEB0AA3F13C5}.Release|Any CPU.ActiveCfg = Release|Any CPU
		{354BB8AF-A02A-4516-9E31-CEB0AA3F13C5}.Release|Any CPU.Build.0 = Release|Any CPU
		{C888B0CD-F767-42B7-BAAA-97A0C659CC95}.Debug|Any CPU.ActiveCfg = Debug|Any CPU
		{C888B0CD-F767-42B7-BAAA-97A0C659CC95}.Debug|Any CPU.Build.0 = Debug|Any CPU
		{C888B0CD-F767-42B7-BAAA-97A0C659CC95}.Release|Any CPU.ActiveCfg = Release|Any CPU
		{C888B0CD-F767-42B7-BAAA-97A0C659CC95}.Release|Any CPU.Build.0 = Release|Any CPU
		{97DBF61D-E017-4FA9-AC18-8E890D742A12}.Debug|Any CPU.ActiveCfg = Debug|Any CPU
		{97DBF61D-E017-4FA9-AC18-8E890D742A12}.Debug|Any CPU.Build.0 = Debug|Any CPU
		{97DBF61D-E017-4FA9-AC18-8E890D742A12}.Release|Any CPU.ActiveCfg = Release|Any CPU
		{97DBF61D-E017-4FA9-AC18-8E890D742A12}.Release|Any CPU.Build.0 = Release|Any CPU
	EndGlobalSection
	GlobalSection(SolutionProperties) = preSolution
		HideSolutionNode = FALSE
	EndGlobalSection
	GlobalSection(ExtensibilityGlobals) = postSolution
		SolutionGuid = {763A6F0B-662F-46F8-A19A-46C8531EBEC3}
	EndGlobalSection
EndGlobal
